// !$*UTF8*$!
{
	archiveVersion = 1;
	classes = {
	};
	objectVersion = 51;
	objects = {

/* Begin PBXBuildFile section */
		07E3ECC15E968DCECC31B9E7 /* Pods_iOSInterview.framework in Frameworks */ = {isa = PBXBuildFile; fileRef = EB80A074F4B59114FDAA9D80 /* Pods_iOSInterview.framework */; };
		E018CE9A27B0CFF700A898A8 /* MSYAutoreleasePoolViewController.m in Sources */ = {isa = PBXBuildFile; fileRef = E018CE9927B0CFF700A898A8 /* MSYAutoreleasePoolViewController.m */; };
		E018CEA027B0F78000A898A8 /* MSYCustomModel.m in Sources */ = {isa = PBXBuildFile; fileRef = E018CE9F27B0F78000A898A8 /* MSYCustomModel.m */; };
		E022D92D27C496AE008631E3 /* MSYAnimationListViewController.m in Sources */ = {isa = PBXBuildFile; fileRef = E022D92C27C496AE008631E3 /* MSYAnimationListViewController.m */; };
		E022D93227C497F3008631E3 /* MSYOpenHole3DViewController.m in Sources */ = {isa = PBXBuildFile; fileRef = E022D93127C497F3008631E3 /* MSYOpenHole3DViewController.m */; };
		E022D93527C4C4FC008631E3 /* ATNavigationController.m in Sources */ = {isa = PBXBuildFile; fileRef = E022D93427C4C4FC008631E3 /* ATNavigationController.m */; };
		E022D93827C4C791008631E3 /* MSYOpenHole3DBannerViewController.m in Sources */ = {isa = PBXBuildFile; fileRef = E022D93727C4C791008631E3 /* MSYOpenHole3DBannerViewController.m */; };
		E022D93C27C4C985008631E3 /* MSYOpenHole3DBannerView.m in Sources */ = {isa = PBXBuildFile; fileRef = E022D93B27C4C985008631E3 /* MSYOpenHole3DBannerView.m */; };
		E022D93F27C4D5A9008631E3 /* MSYOpenHole3DItemView.m in Sources */ = {isa = PBXBuildFile; fileRef = E022D93E27C4D5A9008631E3 /* MSYOpenHole3DItemView.m */; };
		E022D94327C4E1FB008631E3 /* MSYMotionManager.m in Sources */ = {isa = PBXBuildFile; fileRef = E022D94227C4E1FB008631E3 /* MSYMotionManager.m */; };
		E0250A012719718A00604984 /* MSYCollectionExampleController.m in Sources */ = {isa = PBXBuildFile; fileRef = E0250A002719718A00604984 /* MSYCollectionExampleController.m */; };
		E0250A07271971AA00604984 /* MSYCollectionExampleView.m in Sources */ = {isa = PBXBuildFile; fileRef = E0250A06271971AA00604984 /* MSYCollectionExampleView.m */; };
		E0250A0C271973DA00604984 /* MSYCollectionItemCell.m in Sources */ = {isa = PBXBuildFile; fileRef = E0250A0B271973DA00604984 /* MSYCollectionItemCell.m */; };
		E0250A13271978E400604984 /* ZXPUnicode.m in Sources */ = {isa = PBXBuildFile; fileRef = E0250A12271978E400604984 /* ZXPUnicode.m */; };
		E02FCD3727CCB03A0013C8AB /* MSYCFPermanantThread.m in Sources */ = {isa = PBXBuildFile; fileRef = E02FCD3627CCB03A0013C8AB /* MSYCFPermanantThread.m */; };
		E02FCD3A27CCB2070013C8AB /* MSYThread.m in Sources */ = {isa = PBXBuildFile; fileRef = E02FCD3927CCB2070013C8AB /* MSYThread.m */; };
		E065297827701A9200639B67 /* MSYGCDViewController.m in Sources */ = {isa = PBXBuildFile; fileRef = E065297727701A9200639B67 /* MSYGCDViewController.m */; };
		E065297D2770759D00639B67 /* MSYThreadViewController.m in Sources */ = {isa = PBXBuildFile; fileRef = E065297C2770759D00639B67 /* MSYThreadViewController.m */; };
		E065298227707D4A00639B67 /* MSYCommonTitleDetailCell.m in Sources */ = {isa = PBXBuildFile; fileRef = E065298127707D4A00639B67 /* MSYCommonTitleDetailCell.m */; };
		E065298527707E1000639B67 /* MSYCommonTitleDetailFrameModel.m in Sources */ = {isa = PBXBuildFile; fileRef = E065298427707E1000639B67 /* MSYCommonTitleDetailFrameModel.m */; };
		E065298B277088CD00639B67 /* MSYCommonTitleImageCell.m in Sources */ = {isa = PBXBuildFile; fileRef = E065298A277088CD00639B67 /* MSYCommonTitleImageCell.m */; };
		E065298E2770896E00639B67 /* MSYCommonTitleImageFrameModel.m in Sources */ = {isa = PBXBuildFile; fileRef = E065298D2770896E00639B67 /* MSYCommonTitleImageFrameModel.m */; };
		E06C4EBB2774211500E07EF5 /* MSYBaseViewController.m in Sources */ = {isa = PBXBuildFile; fileRef = E06C4EBA2774211500E07EF5 /* MSYBaseViewController.m */; };
		E06C4EC027744D4B00E07EF5 /* MSYViewCtrIntercepter.m in Sources */ = {isa = PBXBuildFile; fileRef = E06C4EBF27744D4B00E07EF5 /* MSYViewCtrIntercepter.m */; };
		E06C4EC32774542B00E07EF5 /* UIViewController+MSYHookHelper.m in Sources */ = {isa = PBXBuildFile; fileRef = E06C4EC22774542B00E07EF5 /* UIViewController+MSYHookHelper.m */; };
		E0A4BF6126E5F738003459C7 /* MSYPerson.m in Sources */ = {isa = PBXBuildFile; fileRef = E0A4BF6026E5F738003459C7 /* MSYPerson.m */; };
		E0A4BF6726E5F851003459C7 /* NSObject+MSYJson.m in Sources */ = {isa = PBXBuildFile; fileRef = E0A4BF6626E5F851003459C7 /* NSObject+MSYJson.m */; };
		E0A4BF6F26E5FCF6003459C7 /* MSYRunloopPresenter.m in Sources */ = {isa = PBXBuildFile; fileRef = E0A4BF6E26E5FCF6003459C7 /* MSYRunloopPresenter.m */; };
		E0A4BF7A26E5FEC0003459C7 /* MSYRunloopViewController.m in Sources */ = {isa = PBXBuildFile; fileRef = E0A4BF7926E5FEC0003459C7 /* MSYRunloopViewController.m */; };
		E0A4BF8226E6158C003459C7 /* MSYPermanantThread.m in Sources */ = {isa = PBXBuildFile; fileRef = E0A4BF8126E6158C003459C7 /* MSYPermanantThread.m */; };
		E0C15B9727717A840037CACF /* MSYRunLoopImageViewController.m in Sources */ = {isa = PBXBuildFile; fileRef = E0C15B9627717A840037CACF /* MSYRunLoopImageViewController.m */; };
		E0C15B9A27717B270037CACF /* MSYRunLoopImageCell.m in Sources */ = {isa = PBXBuildFile; fileRef = E0C15B9927717B270037CACF /* MSYRunLoopImageCell.m */; };
		E0C15B9E277187910037CACF /* YYFPSLabel.m in Sources */ = {isa = PBXBuildFile; fileRef = E0C15B9C277187910037CACF /* YYFPSLabel.m */; };
		E0C15BA1277187980037CACF /* YYWeakProxy.m in Sources */ = {isa = PBXBuildFile; fileRef = E0C15BA0277187980037CACF /* YYWeakProxy.m */; };
		E0C4963426E1D4880068D5A7 /* AppDelegate.m in Sources */ = {isa = PBXBuildFile; fileRef = E0C4963326E1D4880068D5A7 /* AppDelegate.m */; };
		E0C4963A26E1D4880068D5A7 /* ViewController.m in Sources */ = {isa = PBXBuildFile; fileRef = E0C4963926E1D4880068D5A7 /* ViewController.m */; };
		E0C4963D26E1D4880068D5A7 /* Main.storyboard in Resources */ = {isa = PBXBuildFile; fileRef = E0C4963B26E1D4880068D5A7 /* Main.storyboard */; };
		E0C4963F26E1D48D0068D5A7 /* Assets.xcassets in Resources */ = {isa = PBXBuildFile; fileRef = E0C4963E26E1D48D0068D5A7 /* Assets.xcassets */; };
		E0C4964226E1D48D0068D5A7 /* LaunchScreen.storyboard in Resources */ = {isa = PBXBuildFile; fileRef = E0C4964026E1D48D0068D5A7 /* LaunchScreen.storyboard */; };
		E0C4964526E1D48D0068D5A7 /* main.m in Sources */ = {isa = PBXBuildFile; fileRef = E0C4964426E1D48D0068D5A7 /* main.m */; };
		E0C4965926E206B40068D5A7 /* MSYTabBarCtrConfig.m in Sources */ = {isa = PBXBuildFile; fileRef = E0C4965826E206B40068D5A7 /* MSYTabBarCtrConfig.m */; };
		E0C4966326E20B740068D5A7 /* MSYAlgorithmPresenter.m in Sources */ = {isa = PBXBuildFile; fileRef = E0C4966226E20B740068D5A7 /* MSYAlgorithmPresenter.m */; };
		E0C4966926E20BB40068D5A7 /* MSYAlgorithmViewController.m in Sources */ = {isa = PBXBuildFile; fileRef = E0C4966826E20BB40068D5A7 /* MSYAlgorithmViewController.m */; };
		E0C4967526E21CF10068D5A7 /* MSYAlgorithmTool.m in Sources */ = {isa = PBXBuildFile; fileRef = E0C4967426E21CF10068D5A7 /* MSYAlgorithmTool.m */; };
		E0C4967C26E310950068D5A7 /* MSYBasicPresenter.m in Sources */ = {isa = PBXBuildFile; fileRef = E0C4967B26E310950068D5A7 /* MSYBasicPresenter.m */; };
		E0C4968226E310AE0068D5A7 /* MSYBasicViewController.m in Sources */ = {isa = PBXBuildFile; fileRef = E0C4968126E310AE0068D5A7 /* MSYBasicViewController.m */; };
		E0C4969F26E32A5D0068D5A7 /* UIImage+MSYWatermark.m in Sources */ = {isa = PBXBuildFile; fileRef = E0C4969E26E32A5D0068D5A7 /* UIImage+MSYWatermark.m */; };
		E0C496A726E3793A0068D5A7 /* MSYRuntimeViewController.m in Sources */ = {isa = PBXBuildFile; fileRef = E0C496A626E3793A0068D5A7 /* MSYRuntimeViewController.m */; };
		E0C496AC26E379750068D5A7 /* MSYRuntimePresenter.m in Sources */ = {isa = PBXBuildFile; fileRef = E0C496AB26E379750068D5A7 /* MSYRuntimePresenter.m */; };
		E0C65306276C6C6B006C74DC /* MSYOperationViewController.m in Sources */ = {isa = PBXBuildFile; fileRef = E0C65305276C6C6B006C74DC /* MSYOperationViewController.m */; };
		E0C65309276C75C3006C74DC /* MSYOperation.m in Sources */ = {isa = PBXBuildFile; fileRef = E0C65308276C75C3006C74DC /* MSYOperation.m */; };
		E0C6530C276C8527006C74DC /* MSYOperationQueueHandleCell.m in Sources */ = {isa = PBXBuildFile; fileRef = E0C6530B276C8527006C74DC /* MSYOperationQueueHandleCell.m */; };
		E0C65312276C942A006C74DC /* MSYOperationFooterView.m in Sources */ = {isa = PBXBuildFile; fileRef = E0C65311276C942A006C74DC /* MSYOperationFooterView.m */; };
		E0C922D827C781C000848707 /* MSYDataStructureListViewController.m in Sources */ = {isa = PBXBuildFile; fileRef = E0C922D727C781C000848707 /* MSYDataStructureListViewController.m */; };
		E0C922DD27C7829C00848707 /* MSYHashOCImplViewController.m in Sources */ = {isa = PBXBuildFile; fileRef = E0C922DC27C7829C00848707 /* MSYHashOCImplViewController.m */; };
		E0C922E027C782DF00848707 /* MSYHashTable.m in Sources */ = {isa = PBXBuildFile; fileRef = E0C922DF27C782DF00848707 /* MSYHashTable.m */; };
		E0C922E327C7844000848707 /* MSYSingleLinkedNode.m in Sources */ = {isa = PBXBuildFile; fileRef = E0C922E227C7844000848707 /* MSYSingleLinkedNode.m */; };
		E0D7AC342772DBD700916246 /* YYAsyncLayer.m in Sources */ = {isa = PBXBuildFile; fileRef = E0D7AC2E2772DBD700916246 /* YYAsyncLayer.m */; };
		E0D7AC352772DBD700916246 /* YYSentinel.m in Sources */ = {isa = PBXBuildFile; fileRef = E0D7AC302772DBD700916246 /* YYSentinel.m */; };
		E0D7AC362772DBD700916246 /* YYTransaction.m in Sources */ = {isa = PBXBuildFile; fileRef = E0D7AC322772DBD700916246 /* YYTransaction.m */; };
		E0D7AC3B2772DC4600916246 /* MSYLabel.m in Sources */ = {isa = PBXBuildFile; fileRef = E0D7AC3A2772DC4600916246 /* MSYLabel.m */; };
		E0D7AC402772FFF700916246 /* MSYMediaLayerViewController.m in Sources */ = {isa = PBXBuildFile; fileRef = E0D7AC3F2772FFF700916246 /* MSYMediaLayerViewController.m */; };
		E0D7AC462773048300916246 /* MSYCoreGraphicsViewController.m in Sources */ = {isa = PBXBuildFile; fileRef = E0D7AC452773048300916246 /* MSYCoreGraphicsViewController.m */; };
		E0D7AC492773075F00916246 /* MSYCoreGraphicsTestView.m in Sources */ = {isa = PBXBuildFile; fileRef = E0D7AC482773075F00916246 /* MSYCoreGraphicsTestView.m */; };
		E0D7AC4E27730A8C00916246 /* MSYCoreGraphicsCell.m in Sources */ = {isa = PBXBuildFile; fileRef = E0D7AC4D27730A8C00916246 /* MSYCoreGraphicsCell.m */; };
		E0D7AC5127730B8800916246 /* MSYCoreGraphicsRectangularCell.m in Sources */ = {isa = PBXBuildFile; fileRef = E0D7AC5027730B8800916246 /* MSYCoreGraphicsRectangularCell.m */; };
		E0D7AC5427730F0C00916246 /* MSYCoreGraphicsLineView.m in Sources */ = {isa = PBXBuildFile; fileRef = E0D7AC5327730F0C00916246 /* MSYCoreGraphicsLineView.m */; };
/* End PBXBuildFile section */

/* Begin PBXFileReference section */
		2F82A9F50D99D3D059509E72 /* Pods-iOSInterview.release.xcconfig */ = {isa = PBXFileReference; includeInIndex = 1; lastKnownFileType = text.xcconfig; name = "Pods-iOSInterview.release.xcconfig"; path = "Target Support Files/Pods-iOSInterview/Pods-iOSInterview.release.xcconfig"; sourceTree = "<group>"; };
		9D8146CC53E2AFC8B79F99C4 /* Pods-iOSInterview.debug.xcconfig */ = {isa = PBXFileReference; includeInIndex = 1; lastKnownFileType = text.xcconfig; name = "Pods-iOSInterview.debug.xcconfig"; path = "Target Support Files/Pods-iOSInterview/Pods-iOSInterview.debug.xcconfig"; sourceTree = "<group>"; };
		E018CE9827B0CFF700A898A8 /* MSYAutoreleasePoolViewController.h */ = {isa = PBXFileReference; lastKnownFileType = sourcecode.c.h; path = MSYAutoreleasePoolViewController.h; sourceTree = "<group>"; };
		E018CE9927B0CFF700A898A8 /* MSYAutoreleasePoolViewController.m */ = {isa = PBXFileReference; lastKnownFileType = sourcecode.c.objc; path = MSYAutoreleasePoolViewController.m; sourceTree = "<group>"; };
		E018CE9E27B0F78000A898A8 /* MSYCustomModel.h */ = {isa = PBXFileReference; lastKnownFileType = sourcecode.c.h; path = MSYCustomModel.h; sourceTree = "<group>"; };
		E018CE9F27B0F78000A898A8 /* MSYCustomModel.m */ = {isa = PBXFileReference; lastKnownFileType = sourcecode.c.objc; path = MSYCustomModel.m; sourceTree = "<group>"; };
		E022D92B27C496AE008631E3 /* MSYAnimationListViewController.h */ = {isa = PBXFileReference; lastKnownFileType = sourcecode.c.h; path = MSYAnimationListViewController.h; sourceTree = "<group>"; };
		E022D92C27C496AE008631E3 /* MSYAnimationListViewController.m */ = {isa = PBXFileReference; lastKnownFileType = sourcecode.c.objc; path = MSYAnimationListViewController.m; sourceTree = "<group>"; };
		E022D92E27C496EF008631E3 /* MSYAnimationListDefine.h */ = {isa = PBXFileReference; lastKnownFileType = sourcecode.c.h; path = MSYAnimationListDefine.h; sourceTree = "<group>"; };
		E022D93027C497F3008631E3 /* MSYOpenHole3DViewController.h */ = {isa = PBXFileReference; lastKnownFileType = sourcecode.c.h; path = MSYOpenHole3DViewController.h; sourceTree = "<group>"; };
		E022D93127C497F3008631E3 /* MSYOpenHole3DViewController.m */ = {isa = PBXFileReference; lastKnownFileType = sourcecode.c.objc; path = MSYOpenHole3DViewController.m; sourceTree = "<group>"; };
		E022D93327C4C4FC008631E3 /* ATNavigationController.h */ = {isa = PBXFileReference; lastKnownFileType = sourcecode.c.h; path = ATNavigationController.h; sourceTree = "<group>"; };
		E022D93427C4C4FC008631E3 /* ATNavigationController.m */ = {isa = PBXFileReference; lastKnownFileType = sourcecode.c.objc; path = ATNavigationController.m; sourceTree = "<group>"; };
		E022D93627C4C791008631E3 /* MSYOpenHole3DBannerViewController.h */ = {isa = PBXFileReference; lastKnownFileType = sourcecode.c.h; path = MSYOpenHole3DBannerViewController.h; sourceTree = "<group>"; };
		E022D93727C4C791008631E3 /* MSYOpenHole3DBannerViewController.m */ = {isa = PBXFileReference; lastKnownFileType = sourcecode.c.objc; path = MSYOpenHole3DBannerViewController.m; sourceTree = "<group>"; };
		E022D93A27C4C985008631E3 /* MSYOpenHole3DBannerView.h */ = {isa = PBXFileReference; lastKnownFileType = sourcecode.c.h; path = MSYOpenHole3DBannerView.h; sourceTree = "<group>"; };
		E022D93B27C4C985008631E3 /* MSYOpenHole3DBannerView.m */ = {isa = PBXFileReference; lastKnownFileType = sourcecode.c.objc; path = MSYOpenHole3DBannerView.m; sourceTree = "<group>"; };
		E022D93D27C4D5A9008631E3 /* MSYOpenHole3DItemView.h */ = {isa = PBXFileReference; lastKnownFileType = sourcecode.c.h; path = MSYOpenHole3DItemView.h; sourceTree = "<group>"; };
		E022D93E27C4D5A9008631E3 /* MSYOpenHole3DItemView.m */ = {isa = PBXFileReference; lastKnownFileType = sourcecode.c.objc; path = MSYOpenHole3DItemView.m; sourceTree = "<group>"; };
		E022D94127C4E1FB008631E3 /* MSYMotionManager.h */ = {isa = PBXFileReference; lastKnownFileType = sourcecode.c.h; path = MSYMotionManager.h; sourceTree = "<group>"; };
		E022D94227C4E1FB008631E3 /* MSYMotionManager.m */ = {isa = PBXFileReference; lastKnownFileType = sourcecode.c.objc; path = MSYMotionManager.m; sourceTree = "<group>"; };
		E02509FF2719718A00604984 /* MSYCollectionExampleController.h */ = {isa = PBXFileReference; lastKnownFileType = sourcecode.c.h; path = MSYCollectionExampleController.h; sourceTree = "<group>"; };
		E0250A002719718A00604984 /* MSYCollectionExampleController.m */ = {isa = PBXFileReference; lastKnownFileType = sourcecode.c.objc; path = MSYCollectionExampleController.m; sourceTree = "<group>"; };
		E0250A05271971AA00604984 /* MSYCollectionExampleView.h */ = {isa = PBXFileReference; lastKnownFileType = sourcecode.c.h; path = MSYCollectionExampleView.h; sourceTree = "<group>"; };
		E0250A06271971AA00604984 /* MSYCollectionExampleView.m */ = {isa = PBXFileReference; lastKnownFileType = sourcecode.c.objc; path = MSYCollectionExampleView.m; sourceTree = "<group>"; };
		E0250A0A271973DA00604984 /* MSYCollectionItemCell.h */ = {isa = PBXFileReference; lastKnownFileType = sourcecode.c.h; path = MSYCollectionItemCell.h; sourceTree = "<group>"; };
		E0250A0B271973DA00604984 /* MSYCollectionItemCell.m */ = {isa = PBXFileReference; lastKnownFileType = sourcecode.c.objc; path = MSYCollectionItemCell.m; sourceTree = "<group>"; };
		E0250A11271978E400604984 /* ZXPUnicode.h */ = {isa = PBXFileReference; fileEncoding = 4; lastKnownFileType = sourcecode.c.h; path = ZXPUnicode.h; sourceTree = "<group>"; };
		E0250A12271978E400604984 /* ZXPUnicode.m */ = {isa = PBXFileReference; fileEncoding = 4; lastKnownFileType = sourcecode.c.objc; path = ZXPUnicode.m; sourceTree = "<group>"; };
		E02FCD3527CCB03A0013C8AB /* MSYCFPermanantThread.h */ = {isa = PBXFileReference; lastKnownFileType = sourcecode.c.h; path = MSYCFPermanantThread.h; sourceTree = "<group>"; };
		E02FCD3627CCB03A0013C8AB /* MSYCFPermanantThread.m */ = {isa = PBXFileReference; lastKnownFileType = sourcecode.c.objc; path = MSYCFPermanantThread.m; sourceTree = "<group>"; };
		E02FCD3827CCB2070013C8AB /* MSYThread.h */ = {isa = PBXFileReference; lastKnownFileType = sourcecode.c.h; path = MSYThread.h; sourceTree = "<group>"; };
		E02FCD3927CCB2070013C8AB /* MSYThread.m */ = {isa = PBXFileReference; lastKnownFileType = sourcecode.c.objc; path = MSYThread.m; sourceTree = "<group>"; };
		E065297627701A9200639B67 /* MSYGCDViewController.h */ = {isa = PBXFileReference; lastKnownFileType = sourcecode.c.h; path = MSYGCDViewController.h; sourceTree = "<group>"; };
		E065297727701A9200639B67 /* MSYGCDViewController.m */ = {isa = PBXFileReference; lastKnownFileType = sourcecode.c.objc; path = MSYGCDViewController.m; sourceTree = "<group>"; };
		E065297927702A6200639B67 /* MSYGCDDefine.h */ = {isa = PBXFileReference; lastKnownFileType = sourcecode.c.h; path = MSYGCDDefine.h; sourceTree = "<group>"; };
		E065297B2770759D00639B67 /* MSYThreadViewController.h */ = {isa = PBXFileReference; lastKnownFileType = sourcecode.c.h; path = MSYThreadViewController.h; sourceTree = "<group>"; };
		E065297C2770759D00639B67 /* MSYThreadViewController.m */ = {isa = PBXFileReference; lastKnownFileType = sourcecode.c.objc; path = MSYThreadViewController.m; sourceTree = "<group>"; };
		E065297E277075DC00639B67 /* MSYThreadDefine.h */ = {isa = PBXFileReference; lastKnownFileType = sourcecode.c.h; path = MSYThreadDefine.h; sourceTree = "<group>"; };
		E065298027707D4A00639B67 /* MSYCommonTitleDetailCell.h */ = {isa = PBXFileReference; lastKnownFileType = sourcecode.c.h; path = MSYCommonTitleDetailCell.h; sourceTree = "<group>"; };
		E065298127707D4A00639B67 /* MSYCommonTitleDetailCell.m */ = {isa = PBXFileReference; lastKnownFileType = sourcecode.c.objc; path = MSYCommonTitleDetailCell.m; sourceTree = "<group>"; };
		E065298327707E1000639B67 /* MSYCommonTitleDetailFrameModel.h */ = {isa = PBXFileReference; lastKnownFileType = sourcecode.c.h; path = MSYCommonTitleDetailFrameModel.h; sourceTree = "<group>"; };
		E065298427707E1000639B67 /* MSYCommonTitleDetailFrameModel.m */ = {isa = PBXFileReference; lastKnownFileType = sourcecode.c.objc; path = MSYCommonTitleDetailFrameModel.m; sourceTree = "<group>"; };
		E0652989277088CD00639B67 /* MSYCommonTitleImageCell.h */ = {isa = PBXFileReference; lastKnownFileType = sourcecode.c.h; path = MSYCommonTitleImageCell.h; sourceTree = "<group>"; };
		E065298A277088CD00639B67 /* MSYCommonTitleImageCell.m */ = {isa = PBXFileReference; lastKnownFileType = sourcecode.c.objc; path = MSYCommonTitleImageCell.m; sourceTree = "<group>"; };
		E065298C2770896E00639B67 /* MSYCommonTitleImageFrameModel.h */ = {isa = PBXFileReference; lastKnownFileType = sourcecode.c.h; path = MSYCommonTitleImageFrameModel.h; sourceTree = "<group>"; };
		E065298D2770896E00639B67 /* MSYCommonTitleImageFrameModel.m */ = {isa = PBXFileReference; lastKnownFileType = sourcecode.c.objc; path = MSYCommonTitleImageFrameModel.m; sourceTree = "<group>"; };
		E06C4EB727740F0100E07EF5 /* MSYCoreGraphicsDefine.h */ = {isa = PBXFileReference; lastKnownFileType = sourcecode.c.h; path = MSYCoreGraphicsDefine.h; sourceTree = "<group>"; };
		E06C4EB92774211500E07EF5 /* MSYBaseViewController.h */ = {isa = PBXFileReference; lastKnownFileType = sourcecode.c.h; path = MSYBaseViewController.h; sourceTree = "<group>"; };
		E06C4EBA2774211500E07EF5 /* MSYBaseViewController.m */ = {isa = PBXFileReference; lastKnownFileType = sourcecode.c.objc; path = MSYBaseViewController.m; sourceTree = "<group>"; };
		E06C4EBE27744D4B00E07EF5 /* MSYViewCtrIntercepter.h */ = {isa = PBXFileReference; lastKnownFileType = sourcecode.c.h; path = MSYViewCtrIntercepter.h; sourceTree = "<group>"; };
		E06C4EBF27744D4B00E07EF5 /* MSYViewCtrIntercepter.m */ = {isa = PBXFileReference; lastKnownFileType = sourcecode.c.objc; path = MSYViewCtrIntercepter.m; sourceTree = "<group>"; };
		E06C4EC12774542B00E07EF5 /* UIViewController+MSYHookHelper.h */ = {isa = PBXFileReference; lastKnownFileType = sourcecode.c.h; path = "UIViewController+MSYHookHelper.h"; sourceTree = "<group>"; };
		E06C4EC22774542B00E07EF5 /* UIViewController+MSYHookHelper.m */ = {isa = PBXFileReference; lastKnownFileType = sourcecode.c.objc; path = "UIViewController+MSYHookHelper.m"; sourceTree = "<group>"; };
		E0A4BF5926E5BFC4003459C7 /* MSYRuntimeDefine.h */ = {isa = PBXFileReference; lastKnownFileType = sourcecode.c.h; path = MSYRuntimeDefine.h; sourceTree = "<group>"; };
		E0A4BF5F26E5F738003459C7 /* MSYPerson.h */ = {isa = PBXFileReference; lastKnownFileType = sourcecode.c.h; path = MSYPerson.h; sourceTree = "<group>"; };
		E0A4BF6026E5F738003459C7 /* MSYPerson.m */ = {isa = PBXFileReference; lastKnownFileType = sourcecode.c.objc; path = MSYPerson.m; sourceTree = "<group>"; };
		E0A4BF6526E5F851003459C7 /* NSObject+MSYJson.h */ = {isa = PBXFileReference; lastKnownFileType = sourcecode.c.h; path = "NSObject+MSYJson.h"; sourceTree = "<group>"; };
		E0A4BF6626E5F851003459C7 /* NSObject+MSYJson.m */ = {isa = PBXFileReference; lastKnownFileType = sourcecode.c.objc; path = "NSObject+MSYJson.m"; sourceTree = "<group>"; };
		E0A4BF6D26E5FCF6003459C7 /* MSYRunloopPresenter.h */ = {isa = PBXFileReference; lastKnownFileType = sourcecode.c.h; path = MSYRunloopPresenter.h; sourceTree = "<group>"; };
		E0A4BF6E26E5FCF6003459C7 /* MSYRunloopPresenter.m */ = {isa = PBXFileReference; lastKnownFileType = sourcecode.c.objc; path = MSYRunloopPresenter.m; sourceTree = "<group>"; };
		E0A4BF7226E5FD05003459C7 /* MSYRunloopPresenterIO.h */ = {isa = PBXFileReference; lastKnownFileType = sourcecode.c.h; path = MSYRunloopPresenterIO.h; sourceTree = "<group>"; };
		E0A4BF7526E5FD5E003459C7 /* MSYPresenterCommonIO.h */ = {isa = PBXFileReference; lastKnownFileType = sourcecode.c.h; path = MSYPresenterCommonIO.h; sourceTree = "<group>"; };
		E0A4BF7726E5FDE6003459C7 /* MSYRunloopDefine.h */ = {isa = PBXFileReference; lastKnownFileType = sourcecode.c.h; path = MSYRunloopDefine.h; sourceTree = "<group>"; };
		E0A4BF7826E5FEC0003459C7 /* MSYRunloopViewController.h */ = {isa = PBXFileReference; lastKnownFileType = sourcecode.c.h; path = MSYRunloopViewController.h; sourceTree = "<group>"; };
		E0A4BF7926E5FEC0003459C7 /* MSYRunloopViewController.m */ = {isa = PBXFileReference; lastKnownFileType = sourcecode.c.objc; path = MSYRunloopViewController.m; sourceTree = "<group>"; };
		E0A4BF8026E6158C003459C7 /* MSYPermanantThread.h */ = {isa = PBXFileReference; lastKnownFileType = sourcecode.c.h; path = MSYPermanantThread.h; sourceTree = "<group>"; };
		E0A4BF8126E6158C003459C7 /* MSYPermanantThread.m */ = {isa = PBXFileReference; lastKnownFileType = sourcecode.c.objc; path = MSYPermanantThread.m; sourceTree = "<group>"; };
		E0C15B9527717A840037CACF /* MSYRunLoopImageViewController.h */ = {isa = PBXFileReference; lastKnownFileType = sourcecode.c.h; path = MSYRunLoopImageViewController.h; sourceTree = "<group>"; };
		E0C15B9627717A840037CACF /* MSYRunLoopImageViewController.m */ = {isa = PBXFileReference; lastKnownFileType = sourcecode.c.objc; path = MSYRunLoopImageViewController.m; sourceTree = "<group>"; };
		E0C15B9827717B270037CACF /* MSYRunLoopImageCell.h */ = {isa = PBXFileReference; lastKnownFileType = sourcecode.c.h; path = MSYRunLoopImageCell.h; sourceTree = "<group>"; };
		E0C15B9927717B270037CACF /* MSYRunLoopImageCell.m */ = {isa = PBXFileReference; lastKnownFileType = sourcecode.c.objc; path = MSYRunLoopImageCell.m; sourceTree = "<group>"; };
		E0C15B9C277187910037CACF /* YYFPSLabel.m */ = {isa = PBXFileReference; fileEncoding = 4; lastKnownFileType = sourcecode.c.objc; path = YYFPSLabel.m; sourceTree = "<group>"; };
		E0C15B9D277187910037CACF /* YYFPSLabel.h */ = {isa = PBXFileReference; fileEncoding = 4; lastKnownFileType = sourcecode.c.h; path = YYFPSLabel.h; sourceTree = "<group>"; };
		E0C15B9F277187980037CACF /* YYWeakProxy.h */ = {isa = PBXFileReference; fileEncoding = 4; lastKnownFileType = sourcecode.c.h; path = YYWeakProxy.h; sourceTree = "<group>"; };
		E0C15BA0277187980037CACF /* YYWeakProxy.m */ = {isa = PBXFileReference; fileEncoding = 4; lastKnownFileType = sourcecode.c.objc; path = YYWeakProxy.m; sourceTree = "<group>"; };
		E0C4962F26E1D4880068D5A7 /* iOSInterview.app */ = {isa = PBXFileReference; explicitFileType = wrapper.application; includeInIndex = 0; path = iOSInterview.app; sourceTree = BUILT_PRODUCTS_DIR; };
		E0C4963226E1D4880068D5A7 /* AppDelegate.h */ = {isa = PBXFileReference; lastKnownFileType = sourcecode.c.h; path = AppDelegate.h; sourceTree = "<group>"; };
		E0C4963326E1D4880068D5A7 /* AppDelegate.m */ = {isa = PBXFileReference; lastKnownFileType = sourcecode.c.objc; path = AppDelegate.m; sourceTree = "<group>"; };
		E0C4963826E1D4880068D5A7 /* ViewController.h */ = {isa = PBXFileReference; lastKnownFileType = sourcecode.c.h; path = ViewController.h; sourceTree = "<group>"; };
		E0C4963926E1D4880068D5A7 /* ViewController.m */ = {isa = PBXFileReference; lastKnownFileType = sourcecode.c.objc; path = ViewController.m; sourceTree = "<group>"; };
		E0C4963C26E1D4880068D5A7 /* Base */ = {isa = PBXFileReference; lastKnownFileType = file.storyboard; name = Base; path = Base.lproj/Main.storyboard; sourceTree = "<group>"; };
		E0C4963E26E1D48D0068D5A7 /* Assets.xcassets */ = {isa = PBXFileReference; lastKnownFileType = folder.assetcatalog; path = Assets.xcassets; sourceTree = "<group>"; };
		E0C4964126E1D48D0068D5A7 /* Base */ = {isa = PBXFileReference; lastKnownFileType = file.storyboard; name = Base; path = Base.lproj/LaunchScreen.storyboard; sourceTree = "<group>"; };
		E0C4964326E1D48D0068D5A7 /* Info.plist */ = {isa = PBXFileReference; lastKnownFileType = text.plist.xml; path = Info.plist; sourceTree = "<group>"; };
		E0C4964426E1D48D0068D5A7 /* main.m */ = {isa = PBXFileReference; lastKnownFileType = sourcecode.c.objc; path = main.m; sourceTree = "<group>"; };
		E0C4965726E206B40068D5A7 /* MSYTabBarCtrConfig.h */ = {isa = PBXFileReference; lastKnownFileType = sourcecode.c.h; path = MSYTabBarCtrConfig.h; sourceTree = "<group>"; };
		E0C4965826E206B40068D5A7 /* MSYTabBarCtrConfig.m */ = {isa = PBXFileReference; lastKnownFileType = sourcecode.c.objc; path = MSYTabBarCtrConfig.m; sourceTree = "<group>"; };
		E0C4966126E20B740068D5A7 /* MSYAlgorithmPresenter.h */ = {isa = PBXFileReference; lastKnownFileType = sourcecode.c.h; path = MSYAlgorithmPresenter.h; sourceTree = "<group>"; };
		E0C4966226E20B740068D5A7 /* MSYAlgorithmPresenter.m */ = {isa = PBXFileReference; lastKnownFileType = sourcecode.c.objc; path = MSYAlgorithmPresenter.m; sourceTree = "<group>"; };
		E0C4966726E20BB40068D5A7 /* MSYAlgorithmViewController.h */ = {isa = PBXFileReference; lastKnownFileType = sourcecode.c.h; path = MSYAlgorithmViewController.h; sourceTree = "<group>"; };
		E0C4966826E20BB40068D5A7 /* MSYAlgorithmViewController.m */ = {isa = PBXFileReference; lastKnownFileType = sourcecode.c.objc; path = MSYAlgorithmViewController.m; sourceTree = "<group>"; };
		E0C4966C26E20C080068D5A7 /* MSYAlgorithmPresenterIO.h */ = {isa = PBXFileReference; lastKnownFileType = sourcecode.c.h; path = MSYAlgorithmPresenterIO.h; sourceTree = "<group>"; };
		E0C4966D26E20CB40068D5A7 /* MSYAlgorithmDefine.h */ = {isa = PBXFileReference; lastKnownFileType = sourcecode.c.h; path = MSYAlgorithmDefine.h; sourceTree = "<group>"; };
		E0C4967326E21CF10068D5A7 /* MSYAlgorithmTool.h */ = {isa = PBXFileReference; lastKnownFileType = sourcecode.c.h; path = MSYAlgorithmTool.h; sourceTree = "<group>"; };
		E0C4967426E21CF10068D5A7 /* MSYAlgorithmTool.m */ = {isa = PBXFileReference; lastKnownFileType = sourcecode.c.objc; path = MSYAlgorithmTool.m; sourceTree = "<group>"; };
		E0C4967A26E310950068D5A7 /* MSYBasicPresenter.h */ = {isa = PBXFileReference; lastKnownFileType = sourcecode.c.h; path = MSYBasicPresenter.h; sourceTree = "<group>"; };
		E0C4967B26E310950068D5A7 /* MSYBasicPresenter.m */ = {isa = PBXFileReference; lastKnownFileType = sourcecode.c.objc; path = MSYBasicPresenter.m; sourceTree = "<group>"; };
		E0C4968026E310AE0068D5A7 /* MSYBasicViewController.h */ = {isa = PBXFileReference; lastKnownFileType = sourcecode.c.h; path = MSYBasicViewController.h; sourceTree = "<group>"; };
		E0C4968126E310AE0068D5A7 /* MSYBasicViewController.m */ = {isa = PBXFileReference; lastKnownFileType = sourcecode.c.objc; path = MSYBasicViewController.m; sourceTree = "<group>"; };
		E0C4968526E310DC0068D5A7 /* MSYBasicPresenterIO.h */ = {isa = PBXFileReference; lastKnownFileType = sourcecode.c.h; path = MSYBasicPresenterIO.h; sourceTree = "<group>"; };
		E0C4969526E315CA0068D5A7 /* MSYBasicDefine.h */ = {isa = PBXFileReference; lastKnownFileType = sourcecode.c.h; path = MSYBasicDefine.h; sourceTree = "<group>"; };
		E0C4969D26E32A5D0068D5A7 /* UIImage+MSYWatermark.h */ = {isa = PBXFileReference; lastKnownFileType = sourcecode.c.h; path = "UIImage+MSYWatermark.h"; sourceTree = "<group>"; };
		E0C4969E26E32A5D0068D5A7 /* UIImage+MSYWatermark.m */ = {isa = PBXFileReference; lastKnownFileType = sourcecode.c.objc; path = "UIImage+MSYWatermark.m"; sourceTree = "<group>"; };
		E0C496A526E3793A0068D5A7 /* MSYRuntimeViewController.h */ = {isa = PBXFileReference; lastKnownFileType = sourcecode.c.h; path = MSYRuntimeViewController.h; sourceTree = "<group>"; };
		E0C496A626E3793A0068D5A7 /* MSYRuntimeViewController.m */ = {isa = PBXFileReference; lastKnownFileType = sourcecode.c.objc; path = MSYRuntimeViewController.m; sourceTree = "<group>"; };
		E0C496AA26E379750068D5A7 /* MSYRuntimePresenter.h */ = {isa = PBXFileReference; lastKnownFileType = sourcecode.c.h; path = MSYRuntimePresenter.h; sourceTree = "<group>"; };
		E0C496AB26E379750068D5A7 /* MSYRuntimePresenter.m */ = {isa = PBXFileReference; lastKnownFileType = sourcecode.c.objc; path = MSYRuntimePresenter.m; sourceTree = "<group>"; };
		E0C496AE26E379890068D5A7 /* MSYRuntimePresenterIO.h */ = {isa = PBXFileReference; lastKnownFileType = sourcecode.c.h; path = MSYRuntimePresenterIO.h; sourceTree = "<group>"; };
		E0C65304276C6C6B006C74DC /* MSYOperationViewController.h */ = {isa = PBXFileReference; lastKnownFileType = sourcecode.c.h; path = MSYOperationViewController.h; sourceTree = "<group>"; };
		E0C65305276C6C6B006C74DC /* MSYOperationViewController.m */ = {isa = PBXFileReference; lastKnownFileType = sourcecode.c.objc; path = MSYOperationViewController.m; sourceTree = "<group>"; };
		E0C65307276C75C3006C74DC /* MSYOperation.h */ = {isa = PBXFileReference; lastKnownFileType = sourcecode.c.h; path = MSYOperation.h; sourceTree = "<group>"; };
		E0C65308276C75C3006C74DC /* MSYOperation.m */ = {isa = PBXFileReference; lastKnownFileType = sourcecode.c.objc; path = MSYOperation.m; sourceTree = "<group>"; };
		E0C6530A276C8527006C74DC /* MSYOperationQueueHandleCell.h */ = {isa = PBXFileReference; lastKnownFileType = sourcecode.c.h; path = MSYOperationQueueHandleCell.h; sourceTree = "<group>"; };
		E0C6530B276C8527006C74DC /* MSYOperationQueueHandleCell.m */ = {isa = PBXFileReference; lastKnownFileType = sourcecode.c.objc; path = MSYOperationQueueHandleCell.m; sourceTree = "<group>"; };
		E0C65310276C942A006C74DC /* MSYOperationFooterView.h */ = {isa = PBXFileReference; lastKnownFileType = sourcecode.c.h; path = MSYOperationFooterView.h; sourceTree = "<group>"; };
		E0C65311276C942A006C74DC /* MSYOperationFooterView.m */ = {isa = PBXFileReference; lastKnownFileType = sourcecode.c.objc; path = MSYOperationFooterView.m; sourceTree = "<group>"; };
		E0C922D627C781C000848707 /* MSYDataStructureListViewController.h */ = {isa = PBXFileReference; lastKnownFileType = sourcecode.c.h; path = MSYDataStructureListViewController.h; sourceTree = "<group>"; };
		E0C922D727C781C000848707 /* MSYDataStructureListViewController.m */ = {isa = PBXFileReference; lastKnownFileType = sourcecode.c.objc; path = MSYDataStructureListViewController.m; sourceTree = "<group>"; };
		E0C922D927C781DC00848707 /* MSYDataStructureListDefine.h */ = {isa = PBXFileReference; lastKnownFileType = sourcecode.c.h; path = MSYDataStructureListDefine.h; sourceTree = "<group>"; };
		E0C922DB27C7829C00848707 /* MSYHashOCImplViewController.h */ = {isa = PBXFileReference; lastKnownFileType = sourcecode.c.h; path = MSYHashOCImplViewController.h; sourceTree = "<group>"; };
		E0C922DC27C7829C00848707 /* MSYHashOCImplViewController.m */ = {isa = PBXFileReference; lastKnownFileType = sourcecode.c.objc; path = MSYHashOCImplViewController.m; sourceTree = "<group>"; };
		E0C922DE27C782DF00848707 /* MSYHashTable.h */ = {isa = PBXFileReference; lastKnownFileType = sourcecode.c.h; path = MSYHashTable.h; sourceTree = "<group>"; };
		E0C922DF27C782DF00848707 /* MSYHashTable.m */ = {isa = PBXFileReference; lastKnownFileType = sourcecode.c.objc; path = MSYHashTable.m; sourceTree = "<group>"; };
		E0C922E127C7844000848707 /* MSYSingleLinkedNode.h */ = {isa = PBXFileReference; lastKnownFileType = sourcecode.c.h; path = MSYSingleLinkedNode.h; sourceTree = "<group>"; };
		E0C922E227C7844000848707 /* MSYSingleLinkedNode.m */ = {isa = PBXFileReference; lastKnownFileType = sourcecode.c.objc; path = MSYSingleLinkedNode.m; sourceTree = "<group>"; };
		E0D7AC2E2772DBD700916246 /* YYAsyncLayer.m */ = {isa = PBXFileReference; fileEncoding = 4; lastKnownFileType = sourcecode.c.objc; path = YYAsyncLayer.m; sourceTree = "<group>"; };
		E0D7AC2F2772DBD700916246 /* YYTransaction.h */ = {isa = PBXFileReference; fileEncoding = 4; lastKnownFileType = sourcecode.c.h; path = YYTransaction.h; sourceTree = "<group>"; };
		E0D7AC302772DBD700916246 /* YYSentinel.m */ = {isa = PBXFileReference; fileEncoding = 4; lastKnownFileType = sourcecode.c.objc; path = YYSentinel.m; sourceTree = "<group>"; };
		E0D7AC312772DBD700916246 /* YYAsyncLayer.h */ = {isa = PBXFileReference; fileEncoding = 4; lastKnownFileType = sourcecode.c.h; path = YYAsyncLayer.h; sourceTree = "<group>"; };
		E0D7AC322772DBD700916246 /* YYTransaction.m */ = {isa = PBXFileReference; fileEncoding = 4; lastKnownFileType = sourcecode.c.objc; path = YYTransaction.m; sourceTree = "<group>"; };
		E0D7AC332772DBD700916246 /* YYSentinel.h */ = {isa = PBXFileReference; fileEncoding = 4; lastKnownFileType = sourcecode.c.h; path = YYSentinel.h; sourceTree = "<group>"; };
		E0D7AC392772DC4600916246 /* MSYLabel.h */ = {isa = PBXFileReference; lastKnownFileType = sourcecode.c.h; path = MSYLabel.h; sourceTree = "<group>"; };
		E0D7AC3A2772DC4600916246 /* MSYLabel.m */ = {isa = PBXFileReference; lastKnownFileType = sourcecode.c.objc; path = MSYLabel.m; sourceTree = "<group>"; };
		E0D7AC3E2772FFF700916246 /* MSYMediaLayerViewController.h */ = {isa = PBXFileReference; lastKnownFileType = sourcecode.c.h; path = MSYMediaLayerViewController.h; sourceTree = "<group>"; };
		E0D7AC3F2772FFF700916246 /* MSYMediaLayerViewController.m */ = {isa = PBXFileReference; lastKnownFileType = sourcecode.c.objc; path = MSYMediaLayerViewController.m; sourceTree = "<group>"; };
		E0D7AC412773035100916246 /* MSYMediaLayerDefine.h */ = {isa = PBXFileReference; lastKnownFileType = sourcecode.c.h; path = MSYMediaLayerDefine.h; sourceTree = "<group>"; };
		E0D7AC442773048300916246 /* MSYCoreGraphicsViewController.h */ = {isa = PBXFileReference; lastKnownFileType = sourcecode.c.h; path = MSYCoreGraphicsViewController.h; sourceTree = "<group>"; };
		E0D7AC452773048300916246 /* MSYCoreGraphicsViewController.m */ = {isa = PBXFileReference; lastKnownFileType = sourcecode.c.objc; path = MSYCoreGraphicsViewController.m; sourceTree = "<group>"; };
		E0D7AC472773075F00916246 /* MSYCoreGraphicsTestView.h */ = {isa = PBXFileReference; lastKnownFileType = sourcecode.c.h; path = MSYCoreGraphicsTestView.h; sourceTree = "<group>"; };
		E0D7AC482773075F00916246 /* MSYCoreGraphicsTestView.m */ = {isa = PBXFileReference; lastKnownFileType = sourcecode.c.objc; path = MSYCoreGraphicsTestView.m; sourceTree = "<group>"; };
		E0D7AC4C27730A8C00916246 /* MSYCoreGraphicsCell.h */ = {isa = PBXFileReference; lastKnownFileType = sourcecode.c.h; path = MSYCoreGraphicsCell.h; sourceTree = "<group>"; };
		E0D7AC4D27730A8C00916246 /* MSYCoreGraphicsCell.m */ = {isa = PBXFileReference; lastKnownFileType = sourcecode.c.objc; path = MSYCoreGraphicsCell.m; sourceTree = "<group>"; };
		E0D7AC4F27730B8800916246 /* MSYCoreGraphicsRectangularCell.h */ = {isa = PBXFileReference; lastKnownFileType = sourcecode.c.h; path = MSYCoreGraphicsRectangularCell.h; sourceTree = "<group>"; };
		E0D7AC5027730B8800916246 /* MSYCoreGraphicsRectangularCell.m */ = {isa = PBXFileReference; lastKnownFileType = sourcecode.c.objc; path = MSYCoreGraphicsRectangularCell.m; sourceTree = "<group>"; };
		E0D7AC5227730F0C00916246 /* MSYCoreGraphicsLineView.h */ = {isa = PBXFileReference; lastKnownFileType = sourcecode.c.h; path = MSYCoreGraphicsLineView.h; sourceTree = "<group>"; };
		E0D7AC5327730F0C00916246 /* MSYCoreGraphicsLineView.m */ = {isa = PBXFileReference; lastKnownFileType = sourcecode.c.objc; path = MSYCoreGraphicsLineView.m; sourceTree = "<group>"; };
		EB80A074F4B59114FDAA9D80 /* Pods_iOSInterview.framework */ = {isa = PBXFileReference; explicitFileType = wrapper.framework; includeInIndex = 0; path = Pods_iOSInterview.framework; sourceTree = BUILT_PRODUCTS_DIR; };
/* End PBXFileReference section */

/* Begin PBXFrameworksBuildPhase section */
		E0C4962C26E1D4880068D5A7 /* Frameworks */ = {
			isa = PBXFrameworksBuildPhase;
			buildActionMask = 2147483647;
			files = (
				07E3ECC15E968DCECC31B9E7 /* Pods_iOSInterview.framework in Frameworks */,
			);
			runOnlyForDeploymentPostprocessing = 0;
		};
/* End PBXFrameworksBuildPhase section */

/* Begin PBXGroup section */
		065F8AB3F08FEC52A7776623 /* Pods */ = {
			isa = PBXGroup;
			children = (
				9D8146CC53E2AFC8B79F99C4 /* Pods-iOSInterview.debug.xcconfig */,
				2F82A9F50D99D3D059509E72 /* Pods-iOSInterview.release.xcconfig */,
			);
			path = Pods;
			sourceTree = "<group>";
		};
		E018CE9727B0CF9000A898A8 /* AutoreleasePool */ = {
			isa = PBXGroup;
			children = (
				E018CE9827B0CFF700A898A8 /* MSYAutoreleasePoolViewController.h */,
				E018CE9927B0CFF700A898A8 /* MSYAutoreleasePoolViewController.m */,
				E018CE9E27B0F78000A898A8 /* MSYCustomModel.h */,
				E018CE9F27B0F78000A898A8 /* MSYCustomModel.m */,
			);
			path = AutoreleasePool;
			sourceTree = "<group>";
		};
		E022D92927C49687008631E3 /* Animations */ = {
			isa = PBXGroup;
			children = (
				E022D92F27C497E7008631E3 /* OpenHole3D */,
				E022D92A27C49696008631E3 /* AnimationList */,
			);
			path = Animations;
			sourceTree = "<group>";
		};
		E022D92A27C49696008631E3 /* AnimationList */ = {
			isa = PBXGroup;
			children = (
				E022D92B27C496AE008631E3 /* MSYAnimationListViewController.h */,
				E022D92C27C496AE008631E3 /* MSYAnimationListViewController.m */,
				E022D92E27C496EF008631E3 /* MSYAnimationListDefine.h */,
			);
			path = AnimationList;
			sourceTree = "<group>";
		};
		E022D92F27C497E7008631E3 /* OpenHole3D */ = {
			isa = PBXGroup;
			children = (
				E022D93027C497F3008631E3 /* MSYOpenHole3DViewController.h */,
				E022D93127C497F3008631E3 /* MSYOpenHole3DViewController.m */,
				E022D93927C4C96C008631E3 /* OpenHole3DBanner */,
				E022D93627C4C791008631E3 /* MSYOpenHole3DBannerViewController.h */,
				E022D93727C4C791008631E3 /* MSYOpenHole3DBannerViewController.m */,
				E022D94027C4E1E3008631E3 /* MotionManager */,
			);
			path = OpenHole3D;
			sourceTree = "<group>";
		};
		E022D93927C4C96C008631E3 /* OpenHole3DBanner */ = {
			isa = PBXGroup;
			children = (
				E022D93A27C4C985008631E3 /* MSYOpenHole3DBannerView.h */,
				E022D93B27C4C985008631E3 /* MSYOpenHole3DBannerView.m */,
				E022D93D27C4D5A9008631E3 /* MSYOpenHole3DItemView.h */,
				E022D93E27C4D5A9008631E3 /* MSYOpenHole3DItemView.m */,
			);
			path = OpenHole3DBanner;
			sourceTree = "<group>";
		};
		E022D94027C4E1E3008631E3 /* MotionManager */ = {
			isa = PBXGroup;
			children = (
				E022D94127C4E1FB008631E3 /* MSYMotionManager.h */,
				E022D94227C4E1FB008631E3 /* MSYMotionManager.m */,
			);
			path = MotionManager;
			sourceTree = "<group>";
		};
		E02509FD2719713600604984 /* CollectionExample */ = {
			isa = PBXGroup;
			children = (
				E0250A042719719A00604984 /* View */,
				E02509FE2719716400604984 /* Controller */,
			);
			path = CollectionExample;
			sourceTree = "<group>";
		};
		E02509FE2719716400604984 /* Controller */ = {
			isa = PBXGroup;
			children = (
				E02509FF2719718A00604984 /* MSYCollectionExampleController.h */,
				E0250A002719718A00604984 /* MSYCollectionExampleController.m */,
			);
			path = Controller;
			sourceTree = "<group>";
		};
		E0250A042719719A00604984 /* View */ = {
			isa = PBXGroup;
			children = (
				E0250A05271971AA00604984 /* MSYCollectionExampleView.h */,
				E0250A06271971AA00604984 /* MSYCollectionExampleView.m */,
				E0250A0A271973DA00604984 /* MSYCollectionItemCell.h */,
				E0250A0B271973DA00604984 /* MSYCollectionItemCell.m */,
			);
			path = View;
			sourceTree = "<group>";
		};
		E0250A0E271978C800604984 /* Legacy */ = {
			isa = PBXGroup;
			children = (
				E06C4EB82774210000E07EF5 /* BaseClass */,
				E0250A0F271978D500604984 /* Utils */,
			);
			path = Legacy;
			sourceTree = "<group>";
		};
		E0250A0F271978D500604984 /* Utils */ = {
			isa = PBXGroup;
			children = (
				E0250A10271978E400604984 /* ZXPUnicode */,
			);
			path = Utils;
			sourceTree = "<group>";
		};
		E0250A10271978E400604984 /* ZXPUnicode */ = {
			isa = PBXGroup;
			children = (
				E0250A11271978E400604984 /* ZXPUnicode.h */,
				E0250A12271978E400604984 /* ZXPUnicode.m */,
			);
			path = ZXPUnicode;
			sourceTree = "<group>";
		};
		E065297527701A7600639B67 /* GCD */ = {
			isa = PBXGroup;
			children = (
				E065297627701A9200639B67 /* MSYGCDViewController.h */,
				E065297727701A9200639B67 /* MSYGCDViewController.m */,
				E065297927702A6200639B67 /* MSYGCDDefine.h */,
			);
			path = GCD;
			sourceTree = "<group>";
		};
		E065297A2770758900639B67 /* Thread */ = {
			isa = PBXGroup;
			children = (
				E065297B2770759D00639B67 /* MSYThreadViewController.h */,
				E065297C2770759D00639B67 /* MSYThreadViewController.m */,
				E065297E277075DC00639B67 /* MSYThreadDefine.h */,
			);
			path = Thread;
			sourceTree = "<group>";
		};
		E065297F27707CEF00639B67 /* UI */ = {
			isa = PBXGroup;
			children = (
				E0C15B9B277187850037CACF /* YYFPSLabel */,
				E06529862770886D00639B67 /* Cell */,
			);
			path = UI;
			sourceTree = "<group>";
		};
		E06529862770886D00639B67 /* Cell */ = {
			isa = PBXGroup;
			children = (
				E06529882770888700639B67 /* TitleImageCell */,
				E06529872770887400639B67 /* TitleDetailCell */,
			);
			path = Cell;
			sourceTree = "<group>";
		};
		E06529872770887400639B67 /* TitleDetailCell */ = {
			isa = PBXGroup;
			children = (
				E065298027707D4A00639B67 /* MSYCommonTitleDetailCell.h */,
				E065298127707D4A00639B67 /* MSYCommonTitleDetailCell.m */,
				E065298327707E1000639B67 /* MSYCommonTitleDetailFrameModel.h */,
				E065298427707E1000639B67 /* MSYCommonTitleDetailFrameModel.m */,
			);
			path = TitleDetailCell;
			sourceTree = "<group>";
		};
		E06529882770888700639B67 /* TitleImageCell */ = {
			isa = PBXGroup;
			children = (
				E0652989277088CD00639B67 /* MSYCommonTitleImageCell.h */,
				E065298A277088CD00639B67 /* MSYCommonTitleImageCell.m */,
				E065298C2770896E00639B67 /* MSYCommonTitleImageFrameModel.h */,
				E065298D2770896E00639B67 /* MSYCommonTitleImageFrameModel.m */,
			);
			path = TitleImageCell;
			sourceTree = "<group>";
		};
		E06C4EB82774210000E07EF5 /* BaseClass */ = {
			isa = PBXGroup;
			children = (
				E06C4EB92774211500E07EF5 /* MSYBaseViewController.h */,
				E06C4EBA2774211500E07EF5 /* MSYBaseViewController.m */,
				E022D93327C4C4FC008631E3 /* ATNavigationController.h */,
				E022D93427C4C4FC008631E3 /* ATNavigationController.m */,
			);
			path = BaseClass;
			sourceTree = "<group>";
		};
		E06C4EBD27744D2400E07EF5 /* Intercepter */ = {
			isa = PBXGroup;
			children = (
				E06C4EBE27744D4B00E07EF5 /* MSYViewCtrIntercepter.h */,
				E06C4EBF27744D4B00E07EF5 /* MSYViewCtrIntercepter.m */,
				E06C4EC12774542B00E07EF5 /* UIViewController+MSYHookHelper.h */,
				E06C4EC22774542B00E07EF5 /* UIViewController+MSYHookHelper.m */,
			);
			path = Intercepter;
			sourceTree = "<group>";
		};
		E0A4BF5E26E5F72B003459C7 /* Model */ = {
			isa = PBXGroup;
			children = (
				E0A4BF5F26E5F738003459C7 /* MSYPerson.h */,
				E0A4BF6026E5F738003459C7 /* MSYPerson.m */,
				E0A4BF6526E5F851003459C7 /* NSObject+MSYJson.h */,
				E0A4BF6626E5F851003459C7 /* NSObject+MSYJson.m */,
			);
			path = Model;
			sourceTree = "<group>";
		};
		E0A4BF6926E5FAFB003459C7 /* Runloop */ = {
			isa = PBXGroup;
			children = (
				E0C15B9327717A640037CACF /* Example */,
				E0A4BF7F26E6157D003459C7 /* Tool */,
				E0A4BF6C26E5FCDC003459C7 /* Controller */,
				E0A4BF6B26E5FCD5003459C7 /* Presenter */,
			);
			path = Runloop;
			sourceTree = "<group>";
		};
		E0A4BF6B26E5FCD5003459C7 /* Presenter */ = {
			isa = PBXGroup;
			children = (
				E0A4BF6D26E5FCF6003459C7 /* MSYRunloopPresenter.h */,
				E0A4BF6E26E5FCF6003459C7 /* MSYRunloopPresenter.m */,
				E0A4BF7226E5FD05003459C7 /* MSYRunloopPresenterIO.h */,
				E0A4BF7726E5FDE6003459C7 /* MSYRunloopDefine.h */,
			);
			path = Presenter;
			sourceTree = "<group>";
		};
		E0A4BF6C26E5FCDC003459C7 /* Controller */ = {
			isa = PBXGroup;
			children = (
				E0A4BF7826E5FEC0003459C7 /* MSYRunloopViewController.h */,
				E0A4BF7926E5FEC0003459C7 /* MSYRunloopViewController.m */,
			);
			path = Controller;
			sourceTree = "<group>";
		};
		E0A4BF7326E5FD1F003459C7 /* Common */ = {
			isa = PBXGroup;
			children = (
				E0D7AC382772DC2300916246 /* AsyncUI */,
				E065297F27707CEF00639B67 /* UI */,
				E0A4BF7426E5FD2F003459C7 /* Protocol */,
			);
			path = Common;
			sourceTree = "<group>";
		};
		E0A4BF7426E5FD2F003459C7 /* Protocol */ = {
			isa = PBXGroup;
			children = (
				E0A4BF7526E5FD5E003459C7 /* MSYPresenterCommonIO.h */,
			);
			path = Protocol;
			sourceTree = "<group>";
		};
		E0A4BF7F26E6157D003459C7 /* Tool */ = {
			isa = PBXGroup;
			children = (
				E0A4BF8026E6158C003459C7 /* MSYPermanantThread.h */,
				E0A4BF8126E6158C003459C7 /* MSYPermanantThread.m */,
				E02FCD3527CCB03A0013C8AB /* MSYCFPermanantThread.h */,
				E02FCD3627CCB03A0013C8AB /* MSYCFPermanantThread.m */,
				E02FCD3827CCB2070013C8AB /* MSYThread.h */,
				E02FCD3927CCB2070013C8AB /* MSYThread.m */,
			);
			path = Tool;
			sourceTree = "<group>";
		};
		E0C15B9327717A640037CACF /* Example */ = {
			isa = PBXGroup;
			children = (
				E0C15B9427717A700037CACF /* RunLoopImage */,
			);
			path = Example;
			sourceTree = "<group>";
		};
		E0C15B9427717A700037CACF /* RunLoopImage */ = {
			isa = PBXGroup;
			children = (
				E0C15B9527717A840037CACF /* MSYRunLoopImageViewController.h */,
				E0C15B9627717A840037CACF /* MSYRunLoopImageViewController.m */,
				E0C15B9827717B270037CACF /* MSYRunLoopImageCell.h */,
				E0C15B9927717B270037CACF /* MSYRunLoopImageCell.m */,
			);
			path = RunLoopImage;
			sourceTree = "<group>";
		};
		E0C15B9B277187850037CACF /* YYFPSLabel */ = {
			isa = PBXGroup;
			children = (
				E0C15B9F277187980037CACF /* YYWeakProxy.h */,
				E0C15BA0277187980037CACF /* YYWeakProxy.m */,
				E0C15B9D277187910037CACF /* YYFPSLabel.h */,
				E0C15B9C277187910037CACF /* YYFPSLabel.m */,
			);
			path = YYFPSLabel;
			sourceTree = "<group>";
		};
		E0C4962626E1D4880068D5A7 = {
			isa = PBXGroup;
			children = (
				E0C4963126E1D4880068D5A7 /* iOSInterview */,
				E0C4963026E1D4880068D5A7 /* Products */,
				065F8AB3F08FEC52A7776623 /* Pods */,
				FF667BEB3C22332D79F8C3DA /* Frameworks */,
			);
			sourceTree = "<group>";
		};
		E0C4963026E1D4880068D5A7 /* Products */ = {
			isa = PBXGroup;
			children = (
				E0C4962F26E1D4880068D5A7 /* iOSInterview.app */,
			);
			name = Products;
			sourceTree = "<group>";
		};
		E0C4963126E1D4880068D5A7 /* iOSInterview */ = {
			isa = PBXGroup;
			children = (
				E0C4963226E1D4880068D5A7 /* AppDelegate.h */,
				E0C4963326E1D4880068D5A7 /* AppDelegate.m */,
				E0D7AC2C2772DBB300916246 /* 3rd */,
				E0250A0E271978C800604984 /* Legacy */,
				E0A4BF7326E5FD1F003459C7 /* Common */,
				E0C4965E26E209600068D5A7 /* Feature */,
				E0C4965526E206970068D5A7 /* Core */,
				E0C4963826E1D4880068D5A7 /* ViewController.h */,
				E0C4963926E1D4880068D5A7 /* ViewController.m */,
				E0C4963B26E1D4880068D5A7 /* Main.storyboard */,
				E0C4963E26E1D48D0068D5A7 /* Assets.xcassets */,
				E0C4964026E1D48D0068D5A7 /* LaunchScreen.storyboard */,
				E0C4964326E1D48D0068D5A7 /* Info.plist */,
				E0C4964426E1D48D0068D5A7 /* main.m */,
			);
			path = iOSInterview;
			sourceTree = "<group>";
		};
		E0C4965526E206970068D5A7 /* Core */ = {
			isa = PBXGroup;
			children = (
				E06C4EBD27744D2400E07EF5 /* Intercepter */,
				E0C4965626E206A50068D5A7 /* TabBar */,
			);
			path = Core;
			sourceTree = "<group>";
		};
		E0C4965626E206A50068D5A7 /* TabBar */ = {
			isa = PBXGroup;
			children = (
				E0C4965726E206B40068D5A7 /* MSYTabBarCtrConfig.h */,
				E0C4965826E206B40068D5A7 /* MSYTabBarCtrConfig.m */,
			);
			path = TabBar;
			sourceTree = "<group>";
		};
		E0C4965E26E209600068D5A7 /* Feature */ = {
			isa = PBXGroup;
			children = (
				E0C922D427C781A200848707 /* DataStructure */,
				E022D92927C49687008631E3 /* Animations */,
				E018CE9727B0CF9000A898A8 /* AutoreleasePool */,
				E0D7AC3C2772FF3600916246 /* MediaLayer */,
				E0C65302276C6C49006C74DC /* thread */,
				E02509FD2719713600604984 /* CollectionExample */,
				E0A4BF6926E5FAFB003459C7 /* Runloop */,
				E0C496A226E3790D0068D5A7 /* Runtime */,
				E0C4967826E30FDA0068D5A7 /* Basic */,
				E0C4965F26E209F80068D5A7 /* Algorithm */,
			);
			path = Feature;
			sourceTree = "<group>";
		};
		E0C4965F26E209F80068D5A7 /* Algorithm */ = {
			isa = PBXGroup;
			children = (
				E0C4967226E21CAC0068D5A7 /* Tool */,
				E0C4966626E20BA50068D5A7 /* Controller */,
				E0C4966026E209FE0068D5A7 /* Presenter */,
			);
			path = Algorithm;
			sourceTree = "<group>";
		};
		E0C4966026E209FE0068D5A7 /* Presenter */ = {
			isa = PBXGroup;
			children = (
				E0C4966126E20B740068D5A7 /* MSYAlgorithmPresenter.h */,
				E0C4966226E20B740068D5A7 /* MSYAlgorithmPresenter.m */,
				E0C4966C26E20C080068D5A7 /* MSYAlgorithmPresenterIO.h */,
				E0C4966D26E20CB40068D5A7 /* MSYAlgorithmDefine.h */,
			);
			path = Presenter;
			sourceTree = "<group>";
		};
		E0C4966626E20BA50068D5A7 /* Controller */ = {
			isa = PBXGroup;
			children = (
				E0C4966726E20BB40068D5A7 /* MSYAlgorithmViewController.h */,
				E0C4966826E20BB40068D5A7 /* MSYAlgorithmViewController.m */,
			);
			path = Controller;
			sourceTree = "<group>";
		};
		E0C4967226E21CAC0068D5A7 /* Tool */ = {
			isa = PBXGroup;
			children = (
				E0C4967326E21CF10068D5A7 /* MSYAlgorithmTool.h */,
				E0C4967426E21CF10068D5A7 /* MSYAlgorithmTool.m */,
			);
			path = Tool;
			sourceTree = "<group>";
		};
		E0C4967826E30FDA0068D5A7 /* Basic */ = {
			isa = PBXGroup;
			children = (
				E0C4969726E32A020068D5A7 /* Tool */,
				E0C4967F26E3109A0068D5A7 /* Controller */,
				E0C4967926E30FE70068D5A7 /* Presenter */,
			);
			path = Basic;
			sourceTree = "<group>";
		};
		E0C4967926E30FE70068D5A7 /* Presenter */ = {
			isa = PBXGroup;
			children = (
				E0C4967A26E310950068D5A7 /* MSYBasicPresenter.h */,
				E0C4967B26E310950068D5A7 /* MSYBasicPresenter.m */,
				E0C4968526E310DC0068D5A7 /* MSYBasicPresenterIO.h */,
				E0C4969526E315CA0068D5A7 /* MSYBasicDefine.h */,
			);
			path = Presenter;
			sourceTree = "<group>";
		};
		E0C4967F26E3109A0068D5A7 /* Controller */ = {
			isa = PBXGroup;
			children = (
				E0C4968026E310AE0068D5A7 /* MSYBasicViewController.h */,
				E0C4968126E310AE0068D5A7 /* MSYBasicViewController.m */,
			);
			path = Controller;
			sourceTree = "<group>";
		};
		E0C4969726E32A020068D5A7 /* Tool */ = {
			isa = PBXGroup;
			children = (
				E0C4969D26E32A5D0068D5A7 /* UIImage+MSYWatermark.h */,
				E0C4969E26E32A5D0068D5A7 /* UIImage+MSYWatermark.m */,
			);
			path = Tool;
			sourceTree = "<group>";
		};
		E0C496A226E3790D0068D5A7 /* Runtime */ = {
			isa = PBXGroup;
			children = (
				E0A4BF5E26E5F72B003459C7 /* Model */,
				E0C496A426E379270068D5A7 /* Controller */,
				E0C496A326E3791F0068D5A7 /* Presenter */,
			);
			path = Runtime;
			sourceTree = "<group>";
		};
		E0C496A326E3791F0068D5A7 /* Presenter */ = {
			isa = PBXGroup;
			children = (
				E0C496AA26E379750068D5A7 /* MSYRuntimePresenter.h */,
				E0C496AB26E379750068D5A7 /* MSYRuntimePresenter.m */,
				E0C496AE26E379890068D5A7 /* MSYRuntimePresenterIO.h */,
				E0A4BF5926E5BFC4003459C7 /* MSYRuntimeDefine.h */,
			);
			path = Presenter;
			sourceTree = "<group>";
		};
		E0C496A426E379270068D5A7 /* Controller */ = {
			isa = PBXGroup;
			children = (
				E0C496A526E3793A0068D5A7 /* MSYRuntimeViewController.h */,
				E0C496A626E3793A0068D5A7 /* MSYRuntimeViewController.m */,
			);
			path = Controller;
			sourceTree = "<group>";
		};
		E0C65302276C6C49006C74DC /* thread */ = {
			isa = PBXGroup;
			children = (
				E065297A2770758900639B67 /* Thread */,
				E065297527701A7600639B67 /* GCD */,
				E0C65303276C6C54006C74DC /* Operation */,
			);
			path = thread;
			sourceTree = "<group>";
		};
		E0C65303276C6C54006C74DC /* Operation */ = {
			isa = PBXGroup;
			children = (
				E0C65304276C6C6B006C74DC /* MSYOperationViewController.h */,
				E0C65305276C6C6B006C74DC /* MSYOperationViewController.m */,
				E0C65310276C942A006C74DC /* MSYOperationFooterView.h */,
				E0C65311276C942A006C74DC /* MSYOperationFooterView.m */,
				E0C6530A276C8527006C74DC /* MSYOperationQueueHandleCell.h */,
				E0C6530B276C8527006C74DC /* MSYOperationQueueHandleCell.m */,
				E0C65307276C75C3006C74DC /* MSYOperation.h */,
				E0C65308276C75C3006C74DC /* MSYOperation.m */,
			);
			path = Operation;
			sourceTree = "<group>";
		};
		E0C922D427C781A200848707 /* DataStructure */ = {
			isa = PBXGroup;
			children = (
				E0C922DA27C7827400848707 /* HashOCImpl */,
				E0C922D527C781AD00848707 /* DataStructureList */,
			);
			path = DataStructure;
			sourceTree = "<group>";
		};
		E0C922D527C781AD00848707 /* DataStructureList */ = {
			isa = PBXGroup;
			children = (
				E0C922D627C781C000848707 /* MSYDataStructureListViewController.h */,
				E0C922D727C781C000848707 /* MSYDataStructureListViewController.m */,
				E0C922D927C781DC00848707 /* MSYDataStructureListDefine.h */,
			);
			path = DataStructureList;
			sourceTree = "<group>";
		};
		E0C922DA27C7827400848707 /* HashOCImpl */ = {
			isa = PBXGroup;
			children = (
				E0C922DB27C7829C00848707 /* MSYHashOCImplViewController.h */,
				E0C922DC27C7829C00848707 /* MSYHashOCImplViewController.m */,
				E0C922DE27C782DF00848707 /* MSYHashTable.h */,
				E0C922DF27C782DF00848707 /* MSYHashTable.m */,
				E0C922E127C7844000848707 /* MSYSingleLinkedNode.h */,
				E0C922E227C7844000848707 /* MSYSingleLinkedNode.m */,
			);
			path = HashOCImpl;
			sourceTree = "<group>";
		};
		E0D7AC2C2772DBB300916246 /* 3rd */ = {
			isa = PBXGroup;
			children = (
				E0D7AC2D2772DBD700916246 /* YYAsyncLayer */,
			);
			path = 3rd;
			sourceTree = "<group>";
		};
		E0D7AC2D2772DBD700916246 /* YYAsyncLayer */ = {
			isa = PBXGroup;
			children = (
				E0D7AC312772DBD700916246 /* YYAsyncLayer.h */,
				E0D7AC2E2772DBD700916246 /* YYAsyncLayer.m */,
				E0D7AC2F2772DBD700916246 /* YYTransaction.h */,
				E0D7AC322772DBD700916246 /* YYTransaction.m */,
				E0D7AC332772DBD700916246 /* YYSentinel.h */,
				E0D7AC302772DBD700916246 /* YYSentinel.m */,
			);
			path = YYAsyncLayer;
			sourceTree = "<group>";
		};
		E0D7AC382772DC2300916246 /* AsyncUI */ = {
			isa = PBXGroup;
			children = (
				E0D7AC392772DC4600916246 /* MSYLabel.h */,
				E0D7AC3A2772DC4600916246 /* MSYLabel.m */,
			);
			path = AsyncUI;
			sourceTree = "<group>";
		};
		E0D7AC3C2772FF3600916246 /* MediaLayer */ = {
			isa = PBXGroup;
			children = (
				E0D7AC422773045000916246 /* Graphics */,
				E0D7AC3D2772FFEC00916246 /* MediaLayer */,
			);
			path = MediaLayer;
			sourceTree = "<group>";
		};
		E0D7AC3D2772FFEC00916246 /* MediaLayer */ = {
			isa = PBXGroup;
			children = (
				E0D7AC3E2772FFF700916246 /* MSYMediaLayerViewController.h */,
				E0D7AC3F2772FFF700916246 /* MSYMediaLayerViewController.m */,
				E0D7AC412773035100916246 /* MSYMediaLayerDefine.h */,
			);
			path = MediaLayer;
			sourceTree = "<group>";
		};
		E0D7AC422773045000916246 /* Graphics */ = {
			isa = PBXGroup;
			children = (
				E0D7AC432773047900916246 /* CoreGraphics */,
			);
			path = Graphics;
			sourceTree = "<group>";
		};
		E0D7AC432773047900916246 /* CoreGraphics */ = {
			isa = PBXGroup;
			children = (
				E0D7AC442773048300916246 /* MSYCoreGraphicsViewController.h */,
				E0D7AC452773048300916246 /* MSYCoreGraphicsViewController.m */,
				E06C4EB727740F0100E07EF5 /* MSYCoreGraphicsDefine.h */,
				E0D7AC472773075F00916246 /* MSYCoreGraphicsTestView.h */,
				E0D7AC482773075F00916246 /* MSYCoreGraphicsTestView.m */,
				E0D7AC4A27730A6900916246 /* View */,
			);
			path = CoreGraphics;
			sourceTree = "<group>";
		};
		E0D7AC4A27730A6900916246 /* View */ = {
			isa = PBXGroup;
			children = (
				E0D7AC4B27730A7100916246 /* Cell */,
				E0D7AC5227730F0C00916246 /* MSYCoreGraphicsLineView.h */,
				E0D7AC5327730F0C00916246 /* MSYCoreGraphicsLineView.m */,
			);
			path = View;
			sourceTree = "<group>";
		};
		E0D7AC4B27730A7100916246 /* Cell */ = {
			isa = PBXGroup;
			children = (
				E0D7AC4C27730A8C00916246 /* MSYCoreGraphicsCell.h */,
				E0D7AC4D27730A8C00916246 /* MSYCoreGraphicsCell.m */,
				E0D7AC4F27730B8800916246 /* MSYCoreGraphicsRectangularCell.h */,
				E0D7AC5027730B8800916246 /* MSYCoreGraphicsRectangularCell.m */,
			);
			path = Cell;
			sourceTree = "<group>";
		};
		FF667BEB3C22332D79F8C3DA /* Frameworks */ = {
			isa = PBXGroup;
			children = (
				EB80A074F4B59114FDAA9D80 /* Pods_iOSInterview.framework */,
			);
			name = Frameworks;
			sourceTree = "<group>";
		};
/* End PBXGroup section */

/* Begin PBXNativeTarget section */
		E0C4962E26E1D4880068D5A7 /* iOSInterview */ = {
			isa = PBXNativeTarget;
			buildConfigurationList = E0C4964826E1D48D0068D5A7 /* Build configuration list for PBXNativeTarget "iOSInterview" */;
			buildPhases = (
				732D3C8C83A7D3359263ADA1 /* [CP] Check Pods Manifest.lock */,
				E0C4962B26E1D4880068D5A7 /* Sources */,
				E0C4962C26E1D4880068D5A7 /* Frameworks */,
				E0C4962D26E1D4880068D5A7 /* Resources */,
				8A13EE1AC577D8B606875ED2 /* [CP] Embed Pods Frameworks */,
			);
			buildRules = (
			);
			dependencies = (
			);
			name = iOSInterview;
			productName = iOSInterview;
			productReference = E0C4962F26E1D4880068D5A7 /* iOSInterview.app */;
			productType = "com.apple.product-type.application";
		};
/* End PBXNativeTarget section */

/* Begin PBXProject section */
		E0C4962726E1D4880068D5A7 /* Project object */ = {
			isa = PBXProject;
			attributes = {
				CLASSPREFIX = MSY;
				LastUpgradeCheck = 1240;
				TargetAttributes = {
					E0C4962E26E1D4880068D5A7 = {
						CreatedOnToolsVersion = 12.4;
					};
				};
			};
			buildConfigurationList = E0C4962A26E1D4880068D5A7 /* Build configuration list for PBXProject "iOSInterview" */;
			compatibilityVersion = "Xcode 9.3";
			developmentRegion = en;
			hasScannedForEncodings = 0;
			knownRegions = (
				en,
				Base,
			);
			mainGroup = E0C4962626E1D4880068D5A7;
			productRefGroup = E0C4963026E1D4880068D5A7 /* Products */;
			projectDirPath = "";
			projectRoot = "";
			targets = (
				E0C4962E26E1D4880068D5A7 /* iOSInterview */,
			);
		};
/* End PBXProject section */

/* Begin PBXResourcesBuildPhase section */
		E0C4962D26E1D4880068D5A7 /* Resources */ = {
			isa = PBXResourcesBuildPhase;
			buildActionMask = 2147483647;
			files = (
				E0C4964226E1D48D0068D5A7 /* LaunchScreen.storyboard in Resources */,
				E0C4963F26E1D48D0068D5A7 /* Assets.xcassets in Resources */,
				E0C4963D26E1D4880068D5A7 /* Main.storyboard in Resources */,
			);
			runOnlyForDeploymentPostprocessing = 0;
		};
/* End PBXResourcesBuildPhase section */

/* Begin PBXShellScriptBuildPhase section */
		732D3C8C83A7D3359263ADA1 /* [CP] Check Pods Manifest.lock */ = {
			isa = PBXShellScriptBuildPhase;
			buildActionMask = 2147483647;
			files = (
			);
			inputFileListPaths = (
			);
			inputPaths = (
				"${PODS_PODFILE_DIR_PATH}/Podfile.lock",
				"${PODS_ROOT}/Manifest.lock",
			);
			name = "[CP] Check Pods Manifest.lock";
			outputFileListPaths = (
			);
			outputPaths = (
				"$(DERIVED_FILE_DIR)/Pods-iOSInterview-checkManifestLockResult.txt",
			);
			runOnlyForDeploymentPostprocessing = 0;
			shellPath = /bin/sh;
			shellScript = "diff \"${PODS_PODFILE_DIR_PATH}/Podfile.lock\" \"${PODS_ROOT}/Manifest.lock\" > /dev/null\nif [ $? != 0 ] ; then\n    # print error to STDERR\n    echo \"error: The sandbox is not in sync with the Podfile.lock. Run 'pod install' or update your CocoaPods installation.\" >&2\n    exit 1\nfi\n# This output is used by Xcode 'outputs' to avoid re-running this script phase.\necho \"SUCCESS\" > \"${SCRIPT_OUTPUT_FILE_0}\"\n";
			showEnvVarsInLog = 0;
		};
		8A13EE1AC577D8B606875ED2 /* [CP] Embed Pods Frameworks */ = {
			isa = PBXShellScriptBuildPhase;
			buildActionMask = 2147483647;
			files = (
			);
			inputFileListPaths = (
				"${PODS_ROOT}/Target Support Files/Pods-iOSInterview/Pods-iOSInterview-frameworks-${CONFIGURATION}-input-files.xcfilelist",
			);
			name = "[CP] Embed Pods Frameworks";
			outputFileListPaths = (
				"${PODS_ROOT}/Target Support Files/Pods-iOSInterview/Pods-iOSInterview-frameworks-${CONFIGURATION}-output-files.xcfilelist",
			);
			runOnlyForDeploymentPostprocessing = 0;
			shellPath = /bin/sh;
			shellScript = "\"${PODS_ROOT}/Target Support Files/Pods-iOSInterview/Pods-iOSInterview-frameworks.sh\"\n";
			showEnvVarsInLog = 0;
		};
/* End PBXShellScriptBuildPhase section */

/* Begin PBXSourcesBuildPhase section */
		E0C4962B26E1D4880068D5A7 /* Sources */ = {
			isa = PBXSourcesBuildPhase;
			buildActionMask = 2147483647;
			files = (
				E0A4BF8226E6158C003459C7 /* MSYPermanantThread.m in Sources */,
				E0C4965926E206B40068D5A7 /* MSYTabBarCtrConfig.m in Sources */,
				E0D7AC5427730F0C00916246 /* MSYCoreGraphicsLineView.m in Sources */,
				E0250A0C271973DA00604984 /* MSYCollectionItemCell.m in Sources */,
				E0C6530C276C8527006C74DC /* MSYOperationQueueHandleCell.m in Sources */,
				E0C15B9727717A840037CACF /* MSYRunLoopImageViewController.m in Sources */,
				E0D7AC402772FFF700916246 /* MSYMediaLayerViewController.m in Sources */,
				E0A4BF6726E5F851003459C7 /* NSObject+MSYJson.m in Sources */,
				E0C4967C26E310950068D5A7 /* MSYBasicPresenter.m in Sources */,
				E0C922E327C7844000848707 /* MSYSingleLinkedNode.m in Sources */,
				E0C4963A26E1D4880068D5A7 /* ViewController.m in Sources */,
				E0C922E027C782DF00848707 /* MSYHashTable.m in Sources */,
				E0C4968226E310AE0068D5A7 /* MSYBasicViewController.m in Sources */,
				E06C4EBB2774211500E07EF5 /* MSYBaseViewController.m in Sources */,
				E0D7AC3B2772DC4600916246 /* MSYLabel.m in Sources */,
				E065298227707D4A00639B67 /* MSYCommonTitleDetailCell.m in Sources */,
				E0C65309276C75C3006C74DC /* MSYOperation.m in Sources */,
				E0A4BF6F26E5FCF6003459C7 /* MSYRunloopPresenter.m in Sources */,
				E0C15B9A27717B270037CACF /* MSYRunLoopImageCell.m in Sources */,
				E0C922DD27C7829C00848707 /* MSYHashOCImplViewController.m in Sources */,
				E022D92D27C496AE008631E3 /* MSYAnimationListViewController.m in Sources */,
				E0250A13271978E400604984 /* ZXPUnicode.m in Sources */,
				E065298E2770896E00639B67 /* MSYCommonTitleImageFrameModel.m in Sources */,
				E065297D2770759D00639B67 /* MSYThreadViewController.m in Sources */,
				E0D7AC352772DBD700916246 /* YYSentinel.m in Sources */,
				E06C4EC027744D4B00E07EF5 /* MSYViewCtrIntercepter.m in Sources */,
				E022D93527C4C4FC008631E3 /* ATNavigationController.m in Sources */,
				E0A4BF6126E5F738003459C7 /* MSYPerson.m in Sources */,
				E0C4966926E20BB40068D5A7 /* MSYAlgorithmViewController.m in Sources */,
				E0250A07271971AA00604984 /* MSYCollectionExampleView.m in Sources */,
				E0D7AC4E27730A8C00916246 /* MSYCoreGraphicsCell.m in Sources */,
				E06C4EC32774542B00E07EF5 /* UIViewController+MSYHookHelper.m in Sources */,
				E065298527707E1000639B67 /* MSYCommonTitleDetailFrameModel.m in Sources */,
				E0C4963426E1D4880068D5A7 /* AppDelegate.m in Sources */,
				E0C65312276C942A006C74DC /* MSYOperationFooterView.m in Sources */,
				E0250A012719718A00604984 /* MSYCollectionExampleController.m in Sources */,
				E065297827701A9200639B67 /* MSYGCDViewController.m in Sources */,
				E0C15B9E277187910037CACF /* YYFPSLabel.m in Sources */,
				E018CEA027B0F78000A898A8 /* MSYCustomModel.m in Sources */,
				E02FCD3A27CCB2070013C8AB /* MSYThread.m in Sources */,
				E0D7AC492773075F00916246 /* MSYCoreGraphicsTestView.m in Sources */,
				E0C65306276C6C6B006C74DC /* MSYOperationViewController.m in Sources */,
				E0C4966326E20B740068D5A7 /* MSYAlgorithmPresenter.m in Sources */,
				E0D7AC462773048300916246 /* MSYCoreGraphicsViewController.m in Sources */,
				E0C4967526E21CF10068D5A7 /* MSYAlgorithmTool.m in Sources */,
				E0C4969F26E32A5D0068D5A7 /* UIImage+MSYWatermark.m in Sources */,
				E0C15BA1277187980037CACF /* YYWeakProxy.m in Sources */,
				E022D93227C497F3008631E3 /* MSYOpenHole3DViewController.m in Sources */,
				E022D94327C4E1FB008631E3 /* MSYMotionManager.m in Sources */,
				E065298B277088CD00639B67 /* MSYCommonTitleImageCell.m in Sources */,
				E0A4BF7A26E5FEC0003459C7 /* MSYRunloopViewController.m in Sources */,
				E0C496AC26E379750068D5A7 /* MSYRuntimePresenter.m in Sources */,
				E0D7AC362772DBD700916246 /* YYTransaction.m in Sources */,
				E018CE9A27B0CFF700A898A8 /* MSYAutoreleasePoolViewController.m in Sources */,
				E022D93F27C4D5A9008631E3 /* MSYOpenHole3DItemView.m in Sources */,
				E0D7AC5127730B8800916246 /* MSYCoreGraphicsRectangularCell.m in Sources */,
				E0C922D827C781C000848707 /* MSYDataStructureListViewController.m in Sources */,
				E0C496A726E3793A0068D5A7 /* MSYRuntimeViewController.m in Sources */,
				E022D93827C4C791008631E3 /* MSYOpenHole3DBannerViewController.m in Sources */,
				E0D7AC342772DBD700916246 /* YYAsyncLayer.m in Sources */,
				E0C4964526E1D48D0068D5A7 /* main.m in Sources */,
				E022D93C27C4C985008631E3 /* MSYOpenHole3DBannerView.m in Sources */,
				E02FCD3727CCB03A0013C8AB /* MSYCFPermanantThread.m in Sources */,
			);
			runOnlyForDeploymentPostprocessing = 0;
		};
/* End PBXSourcesBuildPhase section */

/* Begin PBXVariantGroup section */
		E0C4963B26E1D4880068D5A7 /* Main.storyboard */ = {
			isa = PBXVariantGroup;
			children = (
				E0C4963C26E1D4880068D5A7 /* Base */,
			);
			name = Main.storyboard;
			sourceTree = "<group>";
		};
		E0C4964026E1D48D0068D5A7 /* LaunchScreen.storyboard */ = {
			isa = PBXVariantGroup;
			children = (
				E0C4964126E1D48D0068D5A7 /* Base */,
			);
			name = LaunchScreen.storyboard;
			sourceTree = "<group>";
		};
/* End PBXVariantGroup section */

/* Begin XCBuildConfiguration section */
		E0C4964626E1D48D0068D5A7 /* Debug */ = {
			isa = XCBuildConfiguration;
			buildSettings = {
				ALWAYS_SEARCH_USER_PATHS = NO;
				CLANG_ANALYZER_NONNULL = YES;
				CLANG_ANALYZER_NUMBER_OBJECT_CONVERSION = YES_AGGRESSIVE;
				CLANG_CXX_LANGUAGE_STANDARD = "gnu++14";
				CLANG_CXX_LIBRARY = "libc++";
				CLANG_ENABLE_MODULES = YES;
				CLANG_ENABLE_OBJC_ARC = YES;
				CLANG_ENABLE_OBJC_WEAK = YES;
				CLANG_WARN_BLOCK_CAPTURE_AUTORELEASING = YES;
				CLANG_WARN_BOOL_CONVERSION = YES;
				CLANG_WARN_COMMA = YES;
				CLANG_WARN_CONSTANT_CONVERSION = YES;
				CLANG_WARN_DEPRECATED_OBJC_IMPLEMENTATIONS = YES;
				CLANG_WARN_DIRECT_OBJC_ISA_USAGE = YES_ERROR;
				CLANG_WARN_DOCUMENTATION_COMMENTS = YES;
				CLANG_WARN_EMPTY_BODY = YES;
				CLANG_WARN_ENUM_CONVERSION = YES;
				CLANG_WARN_INFINITE_RECURSION = YES;
				CLANG_WARN_INT_CONVERSION = YES;
				CLANG_WARN_NON_LITERAL_NULL_CONVERSION = YES;
				CLANG_WARN_OBJC_IMPLICIT_RETAIN_SELF = YES;
				CLANG_WARN_OBJC_LITERAL_CONVERSION = YES;
				CLANG_WARN_OBJC_ROOT_CLASS = YES_ERROR;
				CLANG_WARN_QUOTED_INCLUDE_IN_FRAMEWORK_HEADER = YES;
				CLANG_WARN_RANGE_LOOP_ANALYSIS = YES;
				CLANG_WARN_STRICT_PROTOTYPES = YES;
				CLANG_WARN_SUSPICIOUS_MOVE = YES;
				CLANG_WARN_UNGUARDED_AVAILABILITY = YES_AGGRESSIVE;
				CLANG_WARN_UNREACHABLE_CODE = YES;
				CLANG_WARN__DUPLICATE_METHOD_MATCH = YES;
				COPY_PHASE_STRIP = NO;
				DEBUG_INFORMATION_FORMAT = dwarf;
				ENABLE_STRICT_OBJC_MSGSEND = YES;
				ENABLE_TESTABILITY = YES;
				GCC_C_LANGUAGE_STANDARD = gnu11;
				GCC_DYNAMIC_NO_PIC = NO;
				GCC_NO_COMMON_BLOCKS = YES;
				GCC_OPTIMIZATION_LEVEL = 0;
				GCC_PREPROCESSOR_DEFINITIONS = (
					"DEBUG=1",
					"$(inherited)",
				);
				GCC_WARN_64_TO_32_BIT_CONVERSION = YES;
				GCC_WARN_ABOUT_RETURN_TYPE = YES_ERROR;
				GCC_WARN_UNDECLARED_SELECTOR = YES;
				GCC_WARN_UNINITIALIZED_AUTOS = YES_AGGRESSIVE;
				GCC_WARN_UNUSED_FUNCTION = YES;
				GCC_WARN_UNUSED_VARIABLE = YES;
				IPHONEOS_DEPLOYMENT_TARGET = 14.4;
				MTL_ENABLE_DEBUG_INFO = INCLUDE_SOURCE;
				MTL_FAST_MATH = YES;
				ONLY_ACTIVE_ARCH = YES;
				SDKROOT = iphoneos;
			};
			name = Debug;
		};
		E0C4964726E1D48D0068D5A7 /* Release */ = {
			isa = XCBuildConfiguration;
			buildSettings = {
				ALWAYS_SEARCH_USER_PATHS = NO;
				CLANG_ANALYZER_NONNULL = YES;
				CLANG_ANALYZER_NUMBER_OBJECT_CONVERSION = YES_AGGRESSIVE;
				CLANG_CXX_LANGUAGE_STANDARD = "gnu++14";
				CLANG_CXX_LIBRARY = "libc++";
				CLANG_ENABLE_MODULES = YES;
				CLANG_ENABLE_OBJC_ARC = YES;
				CLANG_ENABLE_OBJC_WEAK = YES;
				CLANG_WARN_BLOCK_CAPTURE_AUTORELEASING = YES;
				CLANG_WARN_BOOL_CONVERSION = YES;
				CLANG_WARN_COMMA = YES;
				CLANG_WARN_CONSTANT_CONVERSION = YES;
				CLANG_WARN_DEPRECATED_OBJC_IMPLEMENTATIONS = YES;
				CLANG_WARN_DIRECT_OBJC_ISA_USAGE = YES_ERROR;
				CLANG_WARN_DOCUMENTATION_COMMENTS = YES;
				CLANG_WARN_EMPTY_BODY = YES;
				CLANG_WARN_ENUM_CONVERSION = YES;
				CLANG_WARN_INFINITE_RECURSION = YES;
				CLANG_WARN_INT_CONVERSION = YES;
				CLANG_WARN_NON_LITERAL_NULL_CONVERSION = YES;
				CLANG_WARN_OBJC_IMPLICIT_RETAIN_SELF = YES;
				CLANG_WARN_OBJC_LITERAL_CONVERSION = YES;
				CLANG_WARN_OBJC_ROOT_CLASS = YES_ERROR;
				CLANG_WARN_QUOTED_INCLUDE_IN_FRAMEWORK_HEADER = YES;
				CLANG_WARN_RANGE_LOOP_ANALYSIS = YES;
				CLANG_WARN_STRICT_PROTOTYPES = YES;
				CLANG_WARN_SUSPICIOUS_MOVE = YES;
				CLANG_WARN_UNGUARDED_AVAILABILITY = YES_AGGRESSIVE;
				CLANG_WARN_UNREACHABLE_CODE = YES;
				CLANG_WARN__DUPLICATE_METHOD_MATCH = YES;
				COPY_PHASE_STRIP = NO;
				DEBUG_INFORMATION_FORMAT = "dwarf-with-dsym";
				ENABLE_NS_ASSERTIONS = NO;
				ENABLE_STRICT_OBJC_MSGSEND = YES;
				GCC_C_LANGUAGE_STANDARD = gnu11;
				GCC_NO_COMMON_BLOCKS = YES;
				GCC_WARN_64_TO_32_BIT_CONVERSION = YES;
				GCC_WARN_ABOUT_RETURN_TYPE = YES_ERROR;
				GCC_WARN_UNDECLARED_SELECTOR = YES;
				GCC_WARN_UNINITIALIZED_AUTOS = YES_AGGRESSIVE;
				GCC_WARN_UNUSED_FUNCTION = YES;
				GCC_WARN_UNUSED_VARIABLE = YES;
				IPHONEOS_DEPLOYMENT_TARGET = 14.4;
				MTL_ENABLE_DEBUG_INFO = NO;
				MTL_FAST_MATH = YES;
				SDKROOT = iphoneos;
				VALIDATE_PRODUCT = YES;
			};
			name = Release;
		};
		E0C4964926E1D48D0068D5A7 /* Debug */ = {
			isa = XCBuildConfiguration;
			baseConfigurationReference = 9D8146CC53E2AFC8B79F99C4 /* Pods-iOSInterview.debug.xcconfig */;
			buildSettings = {
				ASSETCATALOG_COMPILER_APPICON_NAME = AppIcon;
				ASSETCATALOG_COMPILER_GLOBAL_ACCENT_COLOR_NAME = AccentColor;
				CODE_SIGN_STYLE = Automatic;
				DEVELOPMENT_TEAM = SQN84YY35D;
				INFOPLIST_FILE = iOSInterview/Info.plist;
				IPHONEOS_DEPLOYMENT_TARGET = 10.0;
				LD_RUNPATH_SEARCH_PATHS = (
					"$(inherited)",
					"@executable_path/Frameworks",
				);
				PRODUCT_BUNDLE_IDENTIFIER = Mercy.iOSInterview;
				PRODUCT_NAME = "$(TARGET_NAME)";
				TARGETED_DEVICE_FAMILY = "1,2";
			};
			name = Debug;
		};
		E0C4964A26E1D48D0068D5A7 /* Release */ = {
			isa = XCBuildConfiguration;
			baseConfigurationReference = 2F82A9F50D99D3D059509E72 /* Pods-iOSInterview.release.xcconfig */;
			buildSettings = {
				ASSETCATALOG_COMPILER_APPICON_NAME = AppIcon;
				ASSETCATALOG_COMPILER_GLOBAL_ACCENT_COLOR_NAME = AccentColor;
				CODE_SIGN_STYLE = Automatic;
				DEVELOPMENT_TEAM = SQN84YY35D;
				INFOPLIST_FILE = iOSInterview/Info.plist;
				IPHONEOS_DEPLOYMENT_TARGET = 10.0;
				LD_RUNPATH_SEARCH_PATHS = (
					"$(inherited)",
					"@executable_path/Frameworks",
				);
				PRODUCT_BUNDLE_IDENTIFIER = Mercy.iOSInterview;
				PRODUCT_NAME = "$(TARGET_NAME)";
				TARGETED_DEVICE_FAMILY = "1,2";
			};
			name = Release;
		};
/* End XCBuildConfiguration section */

/* Begin XCConfigurationList section */
		E0C4962A26E1D4880068D5A7 /* Build configuration list for PBXProject "iOSInterview" */ = {
			isa = XCConfigurationList;
			buildConfigurations = (
				E0C4964626E1D48D0068D5A7 /* Debug */,
				E0C4964726E1D48D0068D5A7 /* Release */,
			);
			defaultConfigurationIsVisible = 0;
			defaultConfigurationName = Release;
		};
		E0C4964826E1D48D0068D5A7 /* Build configuration list for PBXNativeTarget "iOSInterview" */ = {
			isa = XCConfigurationList;
			buildConfigurations = (
				E0C4964926E1D48D0068D5A7 /* Debug */,
				E0C4964A26E1D48D0068D5A7 /* Release */,
			);
			defaultConfigurationIsVisible = 0;
			defaultConfigurationName = Release;
		};
/* End XCConfigurationList section */
	};
	rootObject = E0C4962726E1D4880068D5A7 /* Project object */;
}
